
Microsoft Visual Studio Solution File, Format Version 12.00
# Visual Studio Version 16
Project("{8BC9CEB8-8B4A-11D0-8D11-00A0C91BC942}") = "Automation_Tests", "Automation_Tests\Automation_Tests.vcxproj", "{F8EFA61D-E4E8-C56F-0D1B-ABF4F972A57B}"
EndProject
Project("{8BC9CEB8-8B4A-11D0-8D11-00A0C91BC942}") = "Chess_Game", "Chess_Game\Chess_Game.vcxproj", "{F4FC8274-E0B4-C4C1-49BC-9D1D35935FB2}"
EndProject
Project("{8BC9CEB8-8B4A-11D0-8D11-00A0C91BC942}") = "Pale_Engine", "Pale_Engine\Pale_Engine.vcxproj", "{9C61ADB4-0817-26AA-910B-2081FDBF1CAE}"
EndProject
Global
	GlobalSection(SolutionConfigurationPlatforms) = preSolution
		Debug|x64 = Debug|x64
		Release|x64 = Release|x64
	EndGlobalSection
	GlobalSection(ProjectConfigurationPlatforms) = postSolution
		{F8EFA61D-E4E8-C56F-0D1B-ABF4F972A57B}.Debug|x64.ActiveCfg = Debug|x64
		{F8EFA61D-E4E8-C56F-0D1B-ABF4F972A57B}.Debug|x64.Build.0 = Debug|x64
		{F8EFA61D-E4E8-C56F-0D1B-ABF4F972A57B}.Release|x64.ActiveCfg = Release|x64
		{F8EFA61D-E4E8-C56F-0D1B-ABF4F972A57B}.Release|x64.Build.0 = Release|x64
		{F4FC8274-E0B4-C4C1-49BC-9D1D35935FB2}.Debug|x64.ActiveCfg = Debug|x64
		{F4FC8274-E0B4-C4C1-49BC-9D1D35935FB2}.Debug|x64.Build.0 = Debug|x64
		{F4FC8274-E0B4-C4C1-49BC-9D1D35935FB2}.Release|x64.ActiveCfg = Release|x64
		{F4FC8274-E0B4-C4C1-49BC-9D1D35935FB2}.Release|x64.Build.0 = Release|x64
		{9C61ADB4-0817-26AA-910B-2081FDBF1CAE}.Debug|x64.ActiveCfg = Debug|x64
		{9C61ADB4-0817-26AA-910B-2081FDBF1CAE}.Debug|x64.Build.0 = Debug|x64
		{9C61ADB4-0817-26AA-910B-2081FDBF1CAE}.Release|x64.ActiveCfg = Release|x64
		{9C61ADB4-0817-26AA-910B-2081FDBF1CAE}.Release|x64.Build.0 = Release|x64
	EndGlobalSection
	GlobalSection(SolutionProperties) = preSolution
		HideSolutionNode = FALSE
	EndGlobalSection
EndGlobal
