<?xml version="1.0" encoding="utf-8"?>
<Project ToolsVersion="4.0" xmlns="http://schemas.microsoft.com/developer/msbuild/2003">
  <ItemGroup>
    <Filter Include="Pale">
      <UniqueIdentifier>{C7988A7C-B3CF-8B0D-5CBC-711048D2070F}</UniqueIdentifier>
    </Filter>
    <Filter Include="Pale\Chess_Module">
      <UniqueIdentifier>{0abf6cd6-892c-4b2c-a97d-0862359162bf}</UniqueIdentifier>
    </Filter>
  </ItemGroup>
  <ItemGroup>
    <ClInclude Include="src\Pale.h" />
    <ClInclude Include="src\Pale\Application.h">
      <Filter>Pale</Filter>
    </ClInclude>
    <ClInclude Include="src\Pale\Engine_Macros.h">
      <Filter>Pale</Filter>
    </ClInclude>
    <ClInclude Include="src\Pale\Log_System.h">
      <Filter>Pale</Filter>
    </ClInclude>
    <ClInclude Include="src\Pale\Chess_Module\Board_Representation.h">
      <Filter>Pale\Chess_Module</Filter>
    </ClInclude>
  </ItemGroup>
  <ItemGroup>
    <ClCompile Include="src\Pale\Application.cpp">
      <Filter>Pale</Filter>
    </ClCompile>
    <ClCompile Include="src\Pale\Log_System.cpp">
      <Filter>Pale</Filter>
    </ClCompile>
    <ClCompile Include="src\Pale\Chess_Module\Board_Representation.cpp">
      <Filter>Pale\Chess_Module</Filter>
    </ClCompile>
  </ItemGroup>
</Project>